// !$*UTF8*$!
{
	archiveVersion = 1;
	classes = {
	};
	objectVersion = 50;
	objects = {

/* Begin PBXBuildFile section */
		23605A4FCCF775EA968B483B /* Pods_flixster_flixsterUITests.framework in Frameworks */ = {isa = PBXBuildFile; fileRef = FA1DD0F875CADA8CED854C26 /* Pods_flixster_flixsterUITests.framework */; };
		294BFDEF25DC6B8D00D94FD0 /* AppDelegate.swift in Sources */ = {isa = PBXBuildFile; fileRef = 294BFDEE25DC6B8D00D94FD0 /* AppDelegate.swift */; };
		294BFDF125DC6B8D00D94FD0 /* SceneDelegate.swift in Sources */ = {isa = PBXBuildFile; fileRef = 294BFDF025DC6B8D00D94FD0 /* SceneDelegate.swift */; };
		294BFDF625DC6B8D00D94FD0 /* Main.storyboard in Resources */ = {isa = PBXBuildFile; fileRef = 294BFDF425DC6B8D00D94FD0 /* Main.storyboard */; };
		294BFDF825DC6B8F00D94FD0 /* Assets.xcassets in Resources */ = {isa = PBXBuildFile; fileRef = 294BFDF725DC6B8F00D94FD0 /* Assets.xcassets */; };
		294BFDFB25DC6B8F00D94FD0 /* LaunchScreen.storyboard in Resources */ = {isa = PBXBuildFile; fileRef = 294BFDF925DC6B8F00D94FD0 /* LaunchScreen.storyboard */; };
		294BFE0625DC6B8F00D94FD0 /* flixsterTests.swift in Sources */ = {isa = PBXBuildFile; fileRef = 294BFE0525DC6B8F00D94FD0 /* flixsterTests.swift */; };
		294BFE1125DC6B8F00D94FD0 /* flixsterUITests.swift in Sources */ = {isa = PBXBuildFile; fileRef = 294BFE1025DC6B8F00D94FD0 /* flixsterUITests.swift */; };
		295911D625DD9F2300EDAF08 /* MovieViewController.swift in Sources */ = {isa = PBXBuildFile; fileRef = 295911D525DD9F2300EDAF08 /* MovieViewController.swift */; };
		295911DB25DDAA0900EDAF08 /* MovieCell.swift in Sources */ = {isa = PBXBuildFile; fileRef = 295911DA25DDAA0900EDAF08 /* MovieCell.swift */; };
		401F044162243442F463D416 /* Pods_flixsterTests.framework in Frameworks */ = {isa = PBXBuildFile; fileRef = 75B90BB46282CC81CFF5E53A /* Pods_flixsterTests.framework */; };
		77738A266B58150E827D3738 /* Pods_flixster.framework in Frameworks */ = {isa = PBXBuildFile; fileRef = C2E530515839CF201D7D1FC7 /* Pods_flixster.framework */; };
/* End PBXBuildFile section */

/* Begin PBXContainerItemProxy section */
		294BFE0225DC6B8F00D94FD0 /* PBXContainerItemProxy */ = {
			isa = PBXContainerItemProxy;
			containerPortal = 294BFDE325DC6B8D00D94FD0 /* Project object */;
			proxyType = 1;
			remoteGlobalIDString = 294BFDEA25DC6B8D00D94FD0;
			remoteInfo = flixster;
		};
		294BFE0D25DC6B8F00D94FD0 /* PBXContainerItemProxy */ = {
			isa = PBXContainerItemProxy;
			containerPortal = 294BFDE325DC6B8D00D94FD0 /* Project object */;
			proxyType = 1;
			remoteGlobalIDString = 294BFDEA25DC6B8D00D94FD0;
			remoteInfo = flixster;
		};
/* End PBXContainerItemProxy section */

/* Begin PBXFileReference section */
		294BFDEB25DC6B8D00D94FD0 /* flixster.app */ = {isa = PBXFileReference; explicitFileType = wrapper.application; includeInIndex = 0; path = flixster.app; sourceTree = BUILT_PRODUCTS_DIR; };
		294BFDEE25DC6B8D00D94FD0 /* AppDelegate.swift */ = {isa = PBXFileReference; lastKnownFileType = sourcecode.swift; path = AppDelegate.swift; sourceTree = "<group>"; };
		294BFDF025DC6B8D00D94FD0 /* SceneDelegate.swift */ = {isa = PBXFileReference; lastKnownFileType = sourcecode.swift; path = SceneDelegate.swift; sourceTree = "<group>"; };
		294BFDF525DC6B8D00D94FD0 /* Base */ = {isa = PBXFileReference; lastKnownFileType = file.storyboard; name = Base; path = Base.lproj/Main.storyboard; sourceTree = "<group>"; };
		294BFDF725DC6B8F00D94FD0 /* Assets.xcassets */ = {isa = PBXFileReference; lastKnownFileType = folder.assetcatalog; path = Assets.xcassets; sourceTree = "<group>"; };
		294BFDFA25DC6B8F00D94FD0 /* Base */ = {isa = PBXFileReference; lastKnownFileType = file.storyboard; name = Base; path = Base.lproj/LaunchScreen.storyboard; sourceTree = "<group>"; };
		294BFDFC25DC6B8F00D94FD0 /* Info.plist */ = {isa = PBXFileReference; lastKnownFileType = text.plist.xml; path = Info.plist; sourceTree = "<group>"; };
		294BFE0125DC6B8F00D94FD0 /* flixsterTests.xctest */ = {isa = PBXFileReference; explicitFileType = wrapper.cfbundle; includeInIndex = 0; path = flixsterTests.xctest; sourceTree = BUILT_PRODUCTS_DIR; };
		294BFE0525DC6B8F00D94FD0 /* flixsterTests.swift */ = {isa = PBXFileReference; lastKnownFileType = sourcecode.swift; path = flixsterTests.swift; sourceTree = "<group>"; };
		294BFE0725DC6B8F00D94FD0 /* Info.plist */ = {isa = PBXFileReference; lastKnownFileType = text.plist.xml; path = Info.plist; sourceTree = "<group>"; };
		294BFE0C25DC6B8F00D94FD0 /* flixsterUITests.xctest */ = {isa = PBXFileReference; explicitFileType = wrapper.cfbundle; includeInIndex = 0; path = flixsterUITests.xctest; sourceTree = BUILT_PRODUCTS_DIR; };
		294BFE1025DC6B8F00D94FD0 /* flixsterUITests.swift */ = {isa = PBXFileReference; lastKnownFileType = sourcecode.swift; path = flixsterUITests.swift; sourceTree = "<group>"; };
		294BFE1225DC6B8F00D94FD0 /* Info.plist */ = {isa = PBXFileReference; lastKnownFileType = text.plist.xml; path = Info.plist; sourceTree = "<group>"; };
		295911D525DD9F2300EDAF08 /* MovieViewController.swift */ = {isa = PBXFileReference; lastKnownFileType = sourcecode.swift; path = MovieViewController.swift; sourceTree = "<group>"; };
		295911DA25DDAA0900EDAF08 /* MovieCell.swift */ = {isa = PBXFileReference; lastKnownFileType = sourcecode.swift; path = MovieCell.swift; sourceTree = "<group>"; };
		2B3B6BD604B95FA208C9BAF1 /* Pods-flixster.debug.xcconfig */ = {isa = PBXFileReference; includeInIndex = 1; lastKnownFileType = text.xcconfig; name = "Pods-flixster.debug.xcconfig"; path = "Target Support Files/Pods-flixster/Pods-flixster.debug.xcconfig"; sourceTree = "<group>"; };
		624F613D26AC0878EEFFBEBB /* Pods-flixsterTests.debug.xcconfig */ = {isa = PBXFileReference; includeInIndex = 1; lastKnownFileType = text.xcconfig; name = "Pods-flixsterTests.debug.xcconfig"; path = "Target Support Files/Pods-flixsterTests/Pods-flixsterTests.debug.xcconfig"; sourceTree = "<group>"; };
		634680A25E7B1FC69C2EE54A /* Pods-flixster-flixsterUITests.release.xcconfig */ = {isa = PBXFileReference; includeInIndex = 1; lastKnownFileType = text.xcconfig; name = "Pods-flixster-flixsterUITests.release.xcconfig"; path = "Target Support Files/Pods-flixster-flixsterUITests/Pods-flixster-flixsterUITests.release.xcconfig"; sourceTree = "<group>"; };
		75B90BB46282CC81CFF5E53A /* Pods_flixsterTests.framework */ = {isa = PBXFileReference; explicitFileType = wrapper.framework; includeInIndex = 0; path = Pods_flixsterTests.framework; sourceTree = BUILT_PRODUCTS_DIR; };
		7B48400563C3F2103F32477A /* Pods-flixster.release.xcconfig */ = {isa = PBXFileReference; includeInIndex = 1; lastKnownFileType = text.xcconfig; name = "Pods-flixster.release.xcconfig"; path = "Target Support Files/Pods-flixster/Pods-flixster.release.xcconfig"; sourceTree = "<group>"; };
		8BDD470F34377624D3B58ECF /* Pods-flixsterTests.release.xcconfig */ = {isa = PBXFileReference; includeInIndex = 1; lastKnownFileType = text.xcconfig; name = "Pods-flixsterTests.release.xcconfig"; path = "Target Support Files/Pods-flixsterTests/Pods-flixsterTests.release.xcconfig"; sourceTree = "<group>"; };
		C2E530515839CF201D7D1FC7 /* Pods_flixster.framework */ = {isa = PBXFileReference; explicitFileType = wrapper.framework; includeInIndex = 0; path = Pods_flixster.framework; sourceTree = BUILT_PRODUCTS_DIR; };
		E31FA4D843B678589DEA84A2 /* Pods-flixster-flixsterUITests.debug.xcconfig */ = {isa = PBXFileReference; includeInIndex = 1; lastKnownFileType = text.xcconfig; name = "Pods-flixster-flixsterUITests.debug.xcconfig"; path = "Target Support Files/Pods-flixster-flixsterUITests/Pods-flixster-flixsterUITests.debug.xcconfig"; sourceTree = "<group>"; };
		FA1DD0F875CADA8CED854C26 /* Pods_flixster_flixsterUITests.framework */ = {isa = PBXFileReference; explicitFileType = wrapper.framework; includeInIndex = 0; path = Pods_flixster_flixsterUITests.framework; sourceTree = BUILT_PRODUCTS_DIR; };
/* End PBXFileReference section */

/* Begin PBXFrameworksBuildPhase section */
		294BFDE825DC6B8D00D94FD0 /* Frameworks */ = {
			isa = PBXFrameworksBuildPhase;
			buildActionMask = 2147483647;
			files = (
				77738A266B58150E827D3738 /* Pods_flixster.framework in Frameworks */,
			);
			runOnlyForDeploymentPostprocessing = 0;
		};
		294BFDFE25DC6B8F00D94FD0 /* Frameworks */ = {
			isa = PBXFrameworksBuildPhase;
			buildActionMask = 2147483647;
			files = (
				401F044162243442F463D416 /* Pods_flixsterTests.framework in Frameworks */,
			);
			runOnlyForDeploymentPostprocessing = 0;
		};
		294BFE0925DC6B8F00D94FD0 /* Frameworks */ = {
			isa = PBXFrameworksBuildPhase;
			buildActionMask = 2147483647;
			files = (
				23605A4FCCF775EA968B483B /* Pods_flixster_flixsterUITests.framework in Frameworks */,
			);
			runOnlyForDeploymentPostprocessing = 0;
		};
/* End PBXFrameworksBuildPhase section */

/* Begin PBXGroup section */
		033E47C399A666807A2077A2 /* Pods */ = {
			isa = PBXGroup;
			children = (
				2B3B6BD604B95FA208C9BAF1 /* Pods-flixster.debug.xcconfig */,
				7B48400563C3F2103F32477A /* Pods-flixster.release.xcconfig */,
				E31FA4D843B678589DEA84A2 /* Pods-flixster-flixsterUITests.debug.xcconfig */,
				634680A25E7B1FC69C2EE54A /* Pods-flixster-flixsterUITests.release.xcconfig */,
				624F613D26AC0878EEFFBEBB /* Pods-flixsterTests.debug.xcconfig */,
				8BDD470F34377624D3B58ECF /* Pods-flixsterTests.release.xcconfig */,
			);
			name = Pods;
			path = Pods;
			sourceTree = "<group>";
		};
		294BFDE225DC6B8D00D94FD0 = {
			isa = PBXGroup;
			children = (
				294BFDED25DC6B8D00D94FD0 /* flixster */,
				294BFE0425DC6B8F00D94FD0 /* flixsterTests */,
				294BFE0F25DC6B8F00D94FD0 /* flixsterUITests */,
				294BFDEC25DC6B8D00D94FD0 /* Products */,
				033E47C399A666807A2077A2 /* Pods */,
				330AF946A235663651C532C6 /* Frameworks */,
			);
			sourceTree = "<group>";
		};
		294BFDEC25DC6B8D00D94FD0 /* Products */ = {
			isa = PBXGroup;
			children = (
				294BFDEB25DC6B8D00D94FD0 /* flixster.app */,
				294BFE0125DC6B8F00D94FD0 /* flixsterTests.xctest */,
				294BFE0C25DC6B8F00D94FD0 /* flixsterUITests.xctest */,
			);
			name = Products;
			sourceTree = "<group>";
		};
		294BFDED25DC6B8D00D94FD0 /* flixster */ = {
			isa = PBXGroup;
			children = (
				294BFDEE25DC6B8D00D94FD0 /* AppDelegate.swift */,
				294BFDF025DC6B8D00D94FD0 /* SceneDelegate.swift */,
				294BFDF425DC6B8D00D94FD0 /* Main.storyboard */,
				295911DA25DDAA0900EDAF08 /* MovieCell.swift */,
				294BFDF725DC6B8F00D94FD0 /* Assets.xcassets */,
				295911D525DD9F2300EDAF08 /* MovieViewController.swift */,
				294BFDF925DC6B8F00D94FD0 /* LaunchScreen.storyboard */,
				294BFDFC25DC6B8F00D94FD0 /* Info.plist */,
			);
			path = flixster;
			sourceTree = "<group>";
		};
		294BFE0425DC6B8F00D94FD0 /* flixsterTests */ = {
			isa = PBXGroup;
			children = (
				294BFE0525DC6B8F00D94FD0 /* flixsterTests.swift */,
				294BFE0725DC6B8F00D94FD0 /* Info.plist */,
			);
			path = flixsterTests;
			sourceTree = "<group>";
		};
		294BFE0F25DC6B8F00D94FD0 /* flixsterUITests */ = {
			isa = PBXGroup;
			children = (
				294BFE1025DC6B8F00D94FD0 /* flixsterUITests.swift */,
				294BFE1225DC6B8F00D94FD0 /* Info.plist */,
			);
			path = flixsterUITests;
			sourceTree = "<group>";
		};
		330AF946A235663651C532C6 /* Frameworks */ = {
			isa = PBXGroup;
			children = (
				C2E530515839CF201D7D1FC7 /* Pods_flixster.framework */,
				FA1DD0F875CADA8CED854C26 /* Pods_flixster_flixsterUITests.framework */,
				75B90BB46282CC81CFF5E53A /* Pods_flixsterTests.framework */,
			);
			name = Frameworks;
			sourceTree = "<group>";
		};
/* End PBXGroup section */

/* Begin PBXNativeTarget section */
		294BFDEA25DC6B8D00D94FD0 /* flixster */ = {
			isa = PBXNativeTarget;
			buildConfigurationList = 294BFE1525DC6B8F00D94FD0 /* Build configuration list for PBXNativeTarget "flixster" */;
			buildPhases = (
				CA0C311F3D81EE70EDF7FA24 /* [CP] Check Pods Manifest.lock */,
				294BFDE725DC6B8D00D94FD0 /* Sources */,
				294BFDE825DC6B8D00D94FD0 /* Frameworks */,
				294BFDE925DC6B8D00D94FD0 /* Resources */,
				A50EB95ECB5431A6A7413CCB /* [CP] Embed Pods Frameworks */,
			);
			buildRules = (
			);
			dependencies = (
			);
			name = flixster;
			productName = flixster;
			productReference = 294BFDEB25DC6B8D00D94FD0 /* flixster.app */;
			productType = "com.apple.product-type.application";
		};
		294BFE0025DC6B8F00D94FD0 /* flixsterTests */ = {
			isa = PBXNativeTarget;
			buildConfigurationList = 294BFE1825DC6B8F00D94FD0 /* Build configuration list for PBXNativeTarget "flixsterTests" */;
			buildPhases = (
				787662E1FA9054F57E098602 /* [CP] Check Pods Manifest.lock */,
				294BFDFD25DC6B8F00D94FD0 /* Sources */,
				294BFDFE25DC6B8F00D94FD0 /* Frameworks */,
				294BFDFF25DC6B8F00D94FD0 /* Resources */,
			);
			buildRules = (
			);
			dependencies = (
				294BFE0325DC6B8F00D94FD0 /* PBXTargetDependency */,
			);
			name = flixsterTests;
			productName = flixsterTests;
			productReference = 294BFE0125DC6B8F00D94FD0 /* flixsterTests.xctest */;
			productType = "com.apple.product-type.bundle.unit-test";
		};
		294BFE0B25DC6B8F00D94FD0 /* flixsterUITests */ = {
			isa = PBXNativeTarget;
			buildConfigurationList = 294BFE1B25DC6B8F00D94FD0 /* Build configuration list for PBXNativeTarget "flixsterUITests" */;
			buildPhases = (
				80508CA020A34AE52CEC3FC6 /* [CP] Check Pods Manifest.lock */,
				294BFE0825DC6B8F00D94FD0 /* Sources */,
				294BFE0925DC6B8F00D94FD0 /* Frameworks */,
				294BFE0A25DC6B8F00D94FD0 /* Resources */,
				F2824448FE5FD407C363077A /* [CP] Embed Pods Frameworks */,
			);
			buildRules = (
			);
			dependencies = (
				294BFE0E25DC6B8F00D94FD0 /* PBXTargetDependency */,
			);
			name = flixsterUITests;
			productName = flixsterUITests;
			productReference = 294BFE0C25DC6B8F00D94FD0 /* flixsterUITests.xctest */;
			productType = "com.apple.product-type.bundle.ui-testing";
		};
/* End PBXNativeTarget section */

/* Begin PBXProject section */
		294BFDE325DC6B8D00D94FD0 /* Project object */ = {
			isa = PBXProject;
			attributes = {
				LastSwiftUpdateCheck = 1240;
				LastUpgradeCheck = 1240;
				TargetAttributes = {
					294BFDEA25DC6B8D00D94FD0 = {
						CreatedOnToolsVersion = 12.4;
					};
					294BFE0025DC6B8F00D94FD0 = {
						CreatedOnToolsVersion = 12.4;
						TestTargetID = 294BFDEA25DC6B8D00D94FD0;
					};
					294BFE0B25DC6B8F00D94FD0 = {
						CreatedOnToolsVersion = 12.4;
						TestTargetID = 294BFDEA25DC6B8D00D94FD0;
					};
				};
			};
			buildConfigurationList = 294BFDE625DC6B8D00D94FD0 /* Build configuration list for PBXProject "flixster" */;
			compatibilityVersion = "Xcode 9.3";
			developmentRegion = en;
			hasScannedForEncodings = 0;
			knownRegions = (
				en,
				Base,
			);
			mainGroup = 294BFDE225DC6B8D00D94FD0;
			productRefGroup = 294BFDEC25DC6B8D00D94FD0 /* Products */;
			projectDirPath = "";
			projectRoot = "";
			targets = (
				294BFDEA25DC6B8D00D94FD0 /* flixster */,
				294BFE0025DC6B8F00D94FD0 /* flixsterTests */,
				294BFE0B25DC6B8F00D94FD0 /* flixsterUITests */,
			);
		};
/* End PBXProject section */

/* Begin PBXResourcesBuildPhase section */
		294BFDE925DC6B8D00D94FD0 /* Resources */ = {
			isa = PBXResourcesBuildPhase;
			buildActionMask = 2147483647;
			files = (
				294BFDFB25DC6B8F00D94FD0 /* LaunchScreen.storyboard in Resources */,
				294BFDF825DC6B8F00D94FD0 /* Assets.xcassets in Resources */,
				294BFDF625DC6B8D00D94FD0 /* Main.storyboard in Resources */,
			);
			runOnlyForDeploymentPostprocessing = 0;
		};
		294BFDFF25DC6B8F00D94FD0 /* Resources */ = {
			isa = PBXResourcesBuildPhase;
			buildActionMask = 2147483647;
			files = (
			);
			runOnlyForDeploymentPostprocessing = 0;
		};
		294BFE0A25DC6B8F00D94FD0 /* Resources */ = {
			isa = PBXResourcesBuildPhase;
			buildActionMask = 2147483647;
			files = (
			);
			runOnlyForDeploymentPostprocessing = 0;
		};
/* End PBXResourcesBuildPhase section */

/* Begin PBXShellScriptBuildPhase section */
		787662E1FA9054F57E098602 /* [CP] Check Pods Manifest.lock */ = {
			isa = PBXShellScriptBuildPhase;
			buildActionMask = 2147483647;
			files = (
			);
			inputFileListPaths = (
			);
			inputPaths = (
				"${PODS_PODFILE_DIR_PATH}/Podfile.lock",
				"${PODS_ROOT}/Manifest.lock",
			);
			name = "[CP] Check Pods Manifest.lock";
			outputFileListPaths = (
			);
			outputPaths = (
				"$(DERIVED_FILE_DIR)/Pods-flixsterTests-checkManifestLockResult.txt",
			);
			runOnlyForDeploymentPostprocessing = 0;
			shellPath = /bin/sh;
			shellScript = "diff \"${PODS_PODFILE_DIR_PATH}/Podfile.lock\" \"${PODS_ROOT}/Manifest.lock\" > /dev/null\nif [ $? != 0 ] ; then\n    # print error to STDERR\n    echo \"error: The sandbox is not in sync with the Podfile.lock. Run 'pod install' or update your CocoaPods installation.\" >&2\n    exit 1\nfi\n# This output is used by Xcode 'outputs' to avoid re-running this script phase.\necho \"SUCCESS\" > \"${SCRIPT_OUTPUT_FILE_0}\"\n";
			showEnvVarsInLog = 0;
		};
		80508CA020A34AE52CEC3FC6 /* [CP] Check Pods Manifest.lock */ = {
			isa = PBXShellScriptBuildPhase;
			buildActionMask = 2147483647;
			files = (
			);
			inputFileListPaths = (
			);
			inputPaths = (
				"${PODS_PODFILE_DIR_PATH}/Podfile.lock",
				"${PODS_ROOT}/Manifest.lock",
			);
			name = "[CP] Check Pods Manifest.lock";
			outputFileListPaths = (
			);
			outputPaths = (
				"$(DERIVED_FILE_DIR)/Pods-flixster-flixsterUITests-checkManifestLockResult.txt",
			);
			runOnlyForDeploymentPostprocessing = 0;
			shellPath = /bin/sh;
			shellScript = "diff \"${PODS_PODFILE_DIR_PATH}/Podfile.lock\" \"${PODS_ROOT}/Manifest.lock\" > /dev/null\nif [ $? != 0 ] ; then\n    # print error to STDERR\n    echo \"error: The sandbox is not in sync with the Podfile.lock. Run 'pod install' or update your CocoaPods installation.\" >&2\n    exit 1\nfi\n# This output is used by Xcode 'outputs' to avoid re-running this script phase.\necho \"SUCCESS\" > \"${SCRIPT_OUTPUT_FILE_0}\"\n";
			showEnvVarsInLog = 0;
		};
		A50EB95ECB5431A6A7413CCB /* [CP] Embed Pods Frameworks */ = {
			isa = PBXShellScriptBuildPhase;
			buildActionMask = 2147483647;
			files = (
			);
			inputFileListPaths = (
				"${PODS_ROOT}/Target Support Files/Pods-flixster/Pods-flixster-frameworks-${CONFIGURATION}-input-files.xcfilelist",
			);
			name = "[CP] Embed Pods Frameworks";
			outputFileListPaths = (
				"${PODS_ROOT}/Target Support Files/Pods-flixster/Pods-flixster-frameworks-${CONFIGURATION}-output-files.xcfilelist",
			);
			runOnlyForDeploymentPostprocessing = 0;
			shellPath = /bin/sh;
			shellScript = "\"${PODS_ROOT}/Target Support Files/Pods-flixster/Pods-flixster-frameworks.sh\"\n";
			showEnvVarsInLog = 0;
		};
		CA0C311F3D81EE70EDF7FA24 /* [CP] Check Pods Manifest.lock */ = {
			isa = PBXShellScriptBuildPhase;
			buildActionMask = 2147483647;
			files = (
			);
			inputFileListPaths = (
			);
			inputPaths = (
				"${PODS_PODFILE_DIR_PATH}/Podfile.lock",
				"${PODS_ROOT}/Manifest.lock",
			);
			name = "[CP] Check Pods Manifest.lock";
			outputFileListPaths = (
			);
			outputPaths = (
				"$(DERIVED_FILE_DIR)/Pods-flixster-checkManifestLockResult.txt",
			);
			runOnlyForDeploymentPostprocessing = 0;
			shellPath = /bin/sh;
			shellScript = "diff \"${PODS_PODFILE_DIR_PATH}/Podfile.lock\" \"${PODS_ROOT}/Manifest.lock\" > /dev/null\nif [ $? != 0 ] ; then\n    # print error to STDERR\n    echo \"error: The sandbox is not in sync with the Podfile.lock. Run 'pod install' or update your CocoaPods installation.\" >&2\n    exit 1\nfi\n# This output is used by Xcode 'outputs' to avoid re-running this script phase.\necho \"SUCCESS\" > \"${SCRIPT_OUTPUT_FILE_0}\"\n";
			showEnvVarsInLog = 0;
		};
		F2824448FE5FD407C363077A /* [CP] Embed Pods Frameworks */ = {
			isa = PBXShellScriptBuildPhase;
			buildActionMask = 2147483647;
			files = (
			);
			inputFileListPaths = (
				"${PODS_ROOT}/Target Support Files/Pods-flixster-flixsterUITests/Pods-flixster-flixsterUITests-frameworks-${CONFIGURATION}-input-files.xcfilelist",
			);
			name = "[CP] Embed Pods Frameworks";
			outputFileListPaths = (
				"${PODS_ROOT}/Target Support Files/Pods-flixster-flixsterUITests/Pods-flixster-flixsterUITests-frameworks-${CONFIGURATION}-output-files.xcfilelist",
			);
			runOnlyForDeploymentPostprocessing = 0;
			shellPath = /bin/sh;
			shellScript = "\"${PODS_ROOT}/Target Support Files/Pods-flixster-flixsterUITests/Pods-flixster-flixsterUITests-frameworks.sh\"\n";
			showEnvVarsInLog = 0;
		};
/* End PBXShellScriptBuildPhase section */

/* Begin PBXSourcesBuildPhase section */
		294BFDE725DC6B8D00D94FD0 /* Sources */ = {
			isa = PBXSourcesBuildPhase;
			buildActionMask = 2147483647;
			files = (
				294BFDEF25DC6B8D00D94FD0 /* AppDelegate.swift in Sources */,
				294BFDF125DC6B8D00D94FD0 /* SceneDelegate.swift in Sources */,
				295911DB25DDAA0900EDAF08 /* MovieCell.swift in Sources */,
				295911D625DD9F2300EDAF08 /* MovieViewController.swift in Sources */,
			);
			runOnlyForDeploymentPostprocessing = 0;
		};
		294BFDFD25DC6B8F00D94FD0 /* Sources */ = {
			isa = PBXSourcesBuildPhase;
			buildActionMask = 2147483647;
			files = (
				294BFE0625DC6B8F00D94FD0 /* flixsterTests.swift in Sources */,
			);
			runOnlyForDeploymentPostprocessing = 0;
		};
		294BFE0825DC6B8F00D94FD0 /* Sources */ = {
			isa = PBXSourcesBuildPhase;
			buildActionMask = 2147483647;
			files = (
				294BFE1125DC6B8F00D94FD0 /* flixsterUITests.swift in Sources */,
			);
			runOnlyForDeploymentPostprocessing = 0;
		};
/* End PBXSourcesBuildPhase section */

/* Begin PBXTargetDependency section */
		294BFE0325DC6B8F00D94FD0 /* PBXTargetDependency */ = {
			isa = PBXTargetDependency;
			target = 294BFDEA25DC6B8D00D94FD0 /* flixster */;
			targetProxy = 294BFE0225DC6B8F00D94FD0 /* PBXContainerItemProxy */;
		};
		294BFE0E25DC6B8F00D94FD0 /* PBXTargetDependency */ = {
			isa = PBXTargetDependency;
			target = 294BFDEA25DC6B8D00D94FD0 /* flixster */;
			targetProxy = 294BFE0D25DC6B8F00D94FD0 /* PBXContainerItemProxy */;
		};
/* End PBXTargetDependency section */

/* Begin PBXVariantGroup section */
		294BFDF425DC6B8D00D94FD0 /* Main.storyboard */ = {
			isa = PBXVariantGroup;
			children = (
				294BFDF525DC6B8D00D94FD0 /* Base */,
			);
			name = Main.storyboard;
			sourceTree = "<group>";
		};
		294BFDF925DC6B8F00D94FD0 /* LaunchScreen.storyboard */ = {
			isa = PBXVariantGroup;
			children = (
				294BFDFA25DC6B8F00D94FD0 /* Base */,
			);
			name = LaunchScreen.storyboard;
			sourceTree = "<group>";
		};
/* End PBXVariantGroup section */

/* Begin XCBuildConfiguration section */
		294BFE1325DC6B8F00D94FD0 /* Debug */ = {
			isa = XCBuildConfiguration;
			buildSettings = {
				ALWAYS_SEARCH_USER_PATHS = NO;
				CLANG_ANALYZER_NONNULL = YES;
				CLANG_ANALYZER_NUMBER_OBJECT_CONVERSION = YES_AGGRESSIVE;
				CLANG_CXX_LANGUAGE_STANDARD = "gnu++14";
				CLANG_CXX_LIBRARY = "libc++";
				CLANG_ENABLE_MODULES = YES;
				CLANG_ENABLE_OBJC_ARC = YES;
				CLANG_ENABLE_OBJC_WEAK = YES;
				CLANG_WARN_BLOCK_CAPTURE_AUTORELEASING = YES;
				CLANG_WARN_BOOL_CONVERSION = YES;
				CLANG_WARN_COMMA = YES;
				CLANG_WARN_CONSTANT_CONVERSION = YES;
				CLANG_WARN_DEPRECATED_OBJC_IMPLEMENTATIONS = YES;
				CLANG_WARN_DIRECT_OBJC_ISA_USAGE = YES_ERROR;
				CLANG_WARN_DOCUMENTATION_COMMENTS = YES;
				CLANG_WARN_EMPTY_BODY = YES;
				CLANG_WARN_ENUM_CONVERSION = YES;
				CLANG_WARN_INFINITE_RECURSION = YES;
				CLANG_WARN_INT_CONVERSION = YES;
				CLANG_WARN_NON_LITERAL_NULL_CONVERSION = YES;
				CLANG_WARN_OBJC_IMPLICIT_RETAIN_SELF = YES;
				CLANG_WARN_OBJC_LITERAL_CONVERSION = YES;
				CLANG_WARN_OBJC_ROOT_CLASS = YES_ERROR;
				CLANG_WARN_QUOTED_INCLUDE_IN_FRAMEWORK_HEADER = YES;
				CLANG_WARN_RANGE_LOOP_ANALYSIS = YES;
				CLANG_WARN_STRICT_PROTOTYPES = YES;
				CLANG_WARN_SUSPICIOUS_MOVE = YES;
				CLANG_WARN_UNGUARDED_AVAILABILITY = YES_AGGRESSIVE;
				CLANG_WARN_UNREACHABLE_CODE = YES;
				CLANG_WARN__DUPLICATE_METHOD_MATCH = YES;
				COPY_PHASE_STRIP = NO;
				DEBUG_INFORMATION_FORMAT = dwarf;
				ENABLE_STRICT_OBJC_MSGSEND = YES;
				ENABLE_TESTABILITY = YES;
				GCC_C_LANGUAGE_STANDARD = gnu11;
				GCC_DYNAMIC_NO_PIC = NO;
				GCC_NO_COMMON_BLOCKS = YES;
				GCC_OPTIMIZATION_LEVEL = 0;
				GCC_PREPROCESSOR_DEFINITIONS = (
					"DEBUG=1",
					"$(inherited)",
				);
				GCC_WARN_64_TO_32_BIT_CONVERSION = YES;
				GCC_WARN_ABOUT_RETURN_TYPE = YES_ERROR;
				GCC_WARN_UNDECLARED_SELECTOR = YES;
				GCC_WARN_UNINITIALIZED_AUTOS = YES_AGGRESSIVE;
				GCC_WARN_UNUSED_FUNCTION = YES;
				GCC_WARN_UNUSED_VARIABLE = YES;
				IPHONEOS_DEPLOYMENT_TARGET = 14.4;
				MTL_ENABLE_DEBUG_INFO = INCLUDE_SOURCE;
				MTL_FAST_MATH = YES;
				ONLY_ACTIVE_ARCH = YES;
				SDKROOT = iphoneos;
				SWIFT_ACTIVE_COMPILATION_CONDITIONS = DEBUG;
				SWIFT_OPTIMIZATION_LEVEL = "-Onone";
			};
			name = Debug;
		};
		294BFE1425DC6B8F00D94FD0 /* Release */ = {
			isa = XCBuildConfiguration;
			buildSettings = {
				ALWAYS_SEARCH_USER_PATHS = NO;
				CLANG_ANALYZER_NONNULL = YES;
				CLANG_ANALYZER_NUMBER_OBJECT_CONVERSION = YES_AGGRESSIVE;
				CLANG_CXX_LANGUAGE_STANDARD = "gnu++14";
				CLANG_CXX_LIBRARY = "libc++";
				CLANG_ENABLE_MODULES = YES;
				CLANG_ENABLE_OBJC_ARC = YES;
				CLANG_ENABLE_OBJC_WEAK = YES;
				CLANG_WARN_BLOCK_CAPTURE_AUTORELEASING = YES;
				CLANG_WARN_BOOL_CONVERSION = YES;
				CLANG_WARN_COMMA = YES;
				CLANG_WARN_CONSTANT_CONVERSION = YES;
				CLANG_WARN_DEPRECATED_OBJC_IMPLEMENTATIONS = YES;
				CLANG_WARN_DIRECT_OBJC_ISA_USAGE = YES_ERROR;
				CLANG_WARN_DOCUMENTATION_COMMENTS = YES;
				CLANG_WARN_EMPTY_BODY = YES;
				CLANG_WARN_ENUM_CONVERSION = YES;
				CLANG_WARN_INFINITE_RECURSION = YES;
				CLANG_WARN_INT_CONVERSION = YES;
				CLANG_WARN_NON_LITERAL_NULL_CONVERSION = YES;
				CLANG_WARN_OBJC_IMPLICIT_RETAIN_SELF = YES;
				CLANG_WARN_OBJC_LITERAL_CONVERSION = YES;
				CLANG_WARN_OBJC_ROOT_CLASS = YES_ERROR;
				CLANG_WARN_QUOTED_INCLUDE_IN_FRAMEWORK_HEADER = YES;
				CLANG_WARN_RANGE_LOOP_ANALYSIS = YES;
				CLANG_WARN_STRICT_PROTOTYPES = YES;
				CLANG_WARN_SUSPICIOUS_MOVE = YES;
				CLANG_WARN_UNGUARDED_AVAILABILITY = YES_AGGRESSIVE;
				CLANG_WARN_UNREACHABLE_CODE = YES;
				CLANG_WARN__DUPLICATE_METHOD_MATCH = YES;
				COPY_PHASE_STRIP = NO;
				DEBUG_INFORMATION_FORMAT = "dwarf-with-dsym";
				ENABLE_NS_ASSERTIONS = NO;
				ENABLE_STRICT_OBJC_MSGSEND = YES;
				GCC_C_LANGUAGE_STANDARD = gnu11;
				GCC_NO_COMMON_BLOCKS = YES;
				GCC_WARN_64_TO_32_BIT_CONVERSION = YES;
				GCC_WARN_ABOUT_RETURN_TYPE = YES_ERROR;
				GCC_WARN_UNDECLARED_SELECTOR = YES;
				GCC_WARN_UNINITIALIZED_AUTOS = YES_AGGRESSIVE;
				GCC_WARN_UNUSED_FUNCTION = YES;
				GCC_WARN_UNUSED_VARIABLE = YES;
				IPHONEOS_DEPLOYMENT_TARGET = 14.4;
				MTL_ENABLE_DEBUG_INFO = NO;
				MTL_FAST_MATH = YES;
				SDKROOT = iphoneos;
				SWIFT_COMPILATION_MODE = wholemodule;
				SWIFT_OPTIMIZATION_LEVEL = "-O";
				VALIDATE_PRODUCT = YES;
			};
			name = Release;
		};
		294BFE1625DC6B8F00D94FD0 /* Debug */ = {
			isa = XCBuildConfiguration;
			baseConfigurationReference = 2B3B6BD604B95FA208C9BAF1 /* Pods-flixster.debug.xcconfig */;
			buildSettings = {
				ASSETCATALOG_COMPILER_APPICON_NAME = AppIcon;
				ASSETCATALOG_COMPILER_GLOBAL_ACCENT_COLOR_NAME = AccentColor;
				CODE_SIGN_STYLE = Automatic;
				INFOPLIST_FILE = flixster/Info.plist;
				LD_RUNPATH_SEARCH_PATHS = (
					"$(inherited)",
					"@executable_path/Frameworks",
				);
				PRODUCT_BUNDLE_IDENTIFIER = hudamir229.flixster;
				PRODUCT_NAME = "$(TARGET_NAME)";
				SWIFT_VERSION = 5.0;
				TARGETED_DEVICE_FAMILY = "1,2";
			};
			name = Debug;
		};
		294BFE1725DC6B8F00D94FD0 /* Release */ = {
			isa = XCBuildConfiguration;
			baseConfigurationReference = 7B48400563C3F2103F32477A /* Pods-flixster.release.xcconfig */;
			buildSettings = {
				ASSETCATALOG_COMPILER_APPICON_NAME = AppIcon;
				ASSETCATALOG_COMPILER_GLOBAL_ACCENT_COLOR_NAME = AccentColor;
				CODE_SIGN_STYLE = Automatic;
				INFOPLIST_FILE = flixster/Info.plist;
				LD_RUNPATH_SEARCH_PATHS = (
					"$(inherited)",
					"@executable_path/Frameworks",
				);
				PRODUCT_BUNDLE_IDENTIFIER = hudamir229.flixster;
				PRODUCT_NAME = "$(TARGET_NAME)";
				SWIFT_VERSION = 5.0;
				TARGETED_DEVICE_FAMILY = "1,2";
			};
			name = Release;
		};
		294BFE1925DC6B8F00D94FD0 /* Debug */ = {
			isa = XCBuildConfiguration;
			baseConfigurationReference = 624F613D26AC0878EEFFBEBB /* Pods-flixsterTests.debug.xcconfig */;
			buildSettings = {
				ALWAYS_EMBED_SWIFT_STANDARD_LIBRARIES = YES;
				BUNDLE_LOADER = "$(TEST_HOST)";
				CODE_SIGN_STYLE = Automatic;
				INFOPLIST_FILE = flixsterTests/Info.plist;
				IPHONEOS_DEPLOYMENT_TARGET = 14.4;
				LD_RUNPATH_SEARCH_PATHS = (
					"$(inherited)",
					"@executable_path/Frameworks",
					"@loader_path/Frameworks",
				);
				PRODUCT_BUNDLE_IDENTIFIER = hudamir229.flixsterTests;
				PRODUCT_NAME = "$(TARGET_NAME)";
				SWIFT_VERSION = 5.0;
				TARGETED_DEVICE_FAMILY = "1,2";
				TEST_HOST = "$(BUILT_PRODUCTS_DIR)/flixster.app/flixster";
			};
			name = Debug;
		};
		294BFE1A25DC6B8F00D94FD0 /* Release */ = {
			isa = XCBuildConfiguration;
			baseConfigurationReference = 8BDD470F34377624D3B58ECF /* Pods-flixsterTests.release.xcconfig */;
			buildSettings = {
				ALWAYS_EMBED_SWIFT_STANDARD_LIBRARIES = YES;
				BUNDLE_LOADER = "$(TEST_HOST)";
				CODE_SIGN_STYLE = Automatic;
				INFOPLIST_FILE = flixsterTests/Info.plist;
				IPHONEOS_DEPLOYMENT_TARGET = 14.4;
				LD_RUNPATH_SEARCH_PATHS = (
					"$(inherited)",
					"@executable_path/Frameworks",
					"@loader_path/Frameworks",
				);
				PRODUCT_BUNDLE_IDENTIFIER = hudamir229.flixsterTests;
				PRODUCT_NAME = "$(TARGET_NAME)";
				SWIFT_VERSION = 5.0;
				TARGETED_DEVICE_FAMILY = "1,2";
				TEST_HOST = "$(BUILT_PRODUCTS_DIR)/flixster.app/flixster";
			};
			name = Release;
		};
		294BFE1C25DC6B8F00D94FD0 /* Debug */ = {
			isa = XCBuildConfiguration;
			baseConfigurationReference = E31FA4D843B678589DEA84A2 /* Pods-flixster-flixsterUITests.debug.xcconfig */;
			buildSettings = {
				ALWAYS_EMBED_SWIFT_STANDARD_LIBRARIES = YES;
				CODE_SIGN_STYLE = Automatic;
				INFOPLIST_FILE = flixsterUITests/Info.plist;
				LD_RUNPATH_SEARCH_PATHS = (
					"$(inherited)",
					"@executable_path/Frameworks",
					"@loader_path/Frameworks",
				);
				PRODUCT_BUNDLE_IDENTIFIER = hudamir229.flixsterUITests;
				PRODUCT_NAME = "$(TARGET_NAME)";
				SWIFT_VERSION = 5.0;
				TARGETED_DEVICE_FAMILY = "1,2";
				TEST_TARGET_NAME = flixster;
			};
			name = Debug;
		};
		294BFE1D25DC6B8F00D94FD0 /* Release */ = {
			isa = XCBuildConfiguration;
			baseConfigurationReference = 634680A25E7B1FC69C2EE54A /* Pods-flixster-flixsterUITests.release.xcconfig */;
			buildSettings = {
				ALWAYS_EMBED_SWIFT_STANDARD_LIBRARIES = YES;
				CODE_SIGN_STYLE = Automatic;
				INFOPLIST_FILE = flixsterUITests/Info.plist;
				LD_RUNPATH_SEARCH_PATHS = (
					"$(inherited)",
					"@executable_path/Frameworks",
					"@loader_path/Frameworks",
				);
				PRODUCT_BUNDLE_IDENTIFIER = hudamir229.flixsterUITests;
				PRODUCT_NAME = "$(TARGET_NAME)";
				SWIFT_VERSION = 5.0;
				TARGETED_DEVICE_FAMILY = "1,2";
				TEST_TARGET_NAME = flixster;
			};
			name = Release;
		};
/* End XCBuildConfiguration section */

/* Begin XCConfigurationList section */
		294BFDE625DC6B8D00D94FD0 /* Build configuration list for PBXProject "flixster" */ = {
			isa = XCConfigurationList;
			buildConfigurations = (
				294BFE1325DC6B8F00D94FD0 /* Debug */,
				294BFE1425DC6B8F00D94FD0 /* Release */,
			);
			defaultConfigurationIsVisible = 0;
			defaultConfigurationName = Release;
		};
		294BFE1525DC6B8F00D94FD0 /* Build configuration list for PBXNativeTarget "flixster" */ = {
			isa = XCConfigurationList;
			buildConfigurations = (
				294BFE1625DC6B8F00D94FD0 /* Debug */,
				294BFE1725DC6B8F00D94FD0 /* Release */,
			);
			defaultConfigurationIsVisible = 0;
			defaultConfigurationName = Release;
		};
		294BFE1825DC6B8F00D94FD0 /* Build configuration list for PBXNativeTarget "flixsterTests" */ = {
			isa = XCConfigurationList;
			buildConfigurations = (
				294BFE1925DC6B8F00D94FD0 /* Debug */,
				294BFE1A25DC6B8F00D94FD0 /* Release */,
			);
			defaultConfigurationIsVisible = 0;
			defaultConfigurationName = Release;
		};
		294BFE1B25DC6B8F00D94FD0 /* Build configuration list for PBXNativeTarget "flixsterUITests" */ = {
			isa = XCConfigurationList;
			buildConfigurations = (
				294BFE1C25DC6B8F00D94FD0 /* Debug */,
				294BFE1D25DC6B8F00D94FD0 /* Release */,
			);
			defaultConfigurationIsVisible = 0;
			defaultConfigurationName = Release;
		};
/* End XCConfigurationList section */
	};
	rootObject = 294BFDE325DC6B8D00D94FD0 /* Project object */;
}
